
Microsoft Visual Studio Solution File, Format Version 12.00
# Visual Studio Version 17
VisualStudioVersion = 17.5.002.0
MinimumVisualStudioVersion = 10.0.40219.1
Project("{2150E333-8FDC-42A3-9474-1A3956D46DE8}") = "csharp-prep", "csharp-prep", "{94F887F9-47A7-4CC8-9F75-A1EE50FFC77C}"
EndProject
Project("{9A19103F-16F7-4668-BE54-9A1E7A4F7556}") = "Prep1", "csharp-prep\Prep1\Prep1.csproj", "{23DB3BF9-9E88-4206-B696-69F3A964D386}"
EndProject
Project("{9A19103F-16F7-4668-BE54-9A1E7A4F7556}") = "Prep2", "csharp-prep\Prep2\Prep2.csproj", "{802C5810-CDA5-448D-92DB-0D456675730D}"
EndProject
Project("{9A19103F-16F7-4668-BE54-9A1E7A4F7556}") = "Prep3", "csharp-prep\Prep3\Prep3.csproj", "{F8E69E40-3EDE-48C1-9511-38C21501B371}"
EndProject
Project("{9A19103F-16F7-4668-BE54-9A1E7A4F7556}") = "Prep4", "csharp-prep\Prep4\Prep4.csproj", "{76C77FE0-317C-4C8D-9146-F182510F153B}"
EndProject
Project("{9A19103F-16F7-4668-BE54-9A1E7A4F7556}") = "Prep5", "csharp-prep\Prep5\Prep5.csproj", "{C07BE78C-2A08-45C6-B98A-5C42A57BE135}"
EndProject
Project("{2150E333-8FDC-42A3-9474-1A3956D46DE8}") = "final", "final", "{98445578-5D34-4E1D-A2A0-F4C5A33F340E}"
EndProject
Project("{9A19103F-16F7-4668-BE54-9A1E7A4F7556}") = "FinalProject", "final\FinalProject\FinalProject.csproj", "{EF0D8108-478C-4E7F-97A7-35671E249300}"
EndProject
Project("{9A19103F-16F7-4668-BE54-9A1E7A4F7556}") = "Foundation1", "final\Foundation1\Foundation1.csproj", "{EE33C5D0-7028-45A2-A0F3-305AB4DD9EEA}"
EndProject
Project("{9A19103F-16F7-4668-BE54-9A1E7A4F7556}") = "Foundation2", "final\Foundation2\Foundation2.csproj", "{44E37925-04A9-4A58-A6C3-D3A3F2A8583E}"
EndProject
Project("{9A19103F-16F7-4668-BE54-9A1E7A4F7556}") = "Foundation3", "final\Foundation3\Foundation3.csproj", "{EBD14185-5A07-41CD-8835-2DC4BDAED137}"
EndProject
Project("{9A19103F-16F7-4668-BE54-9A1E7A4F7556}") = "Foundation4", "final\Foundation4\Foundation4.csproj", "{58A3B675-37C7-4D93-8E5B-D19051B73F7C}"
EndProject
Project("{2150E333-8FDC-42A3-9474-1A3956D46DE8}") = "prepare", "prepare", "{D2991E10-338C-4ACD-BD4F-BF2B14B69F6A}"
EndProject
Project("{9A19103F-16F7-4668-BE54-9A1E7A4F7556}") = "Learning02", "prepare\Learning02\Learning02.csproj", "{F6DF6E41-1A5D-4BE1-8E2C-D2223C5499D6}"
EndProject
Project("{9A19103F-16F7-4668-BE54-9A1E7A4F7556}") = "Learning03", "prepare\Learning03\Learning03.csproj", "{D6EC07A8-91DB-4F2F-9298-6B2211642BBD}"
EndProject
Project("{9A19103F-16F7-4668-BE54-9A1E7A4F7556}") = "Learning04", "prepare\Learning04\Learning04.csproj", "{AF847CCE-7540-4646-B1B7-7F5AC6515687}"
EndProject
Project("{9A19103F-16F7-4668-BE54-9A1E7A4F7556}") = "Learning05", "prepare\Learning05\Learning05.csproj", "{80C867A6-A861-4144-8D09-B0AF7A512C6B}"
EndProject
Project("{2150E333-8FDC-42A3-9474-1A3956D46DE8}") = "prove", "prove", "{15387106-0BB8-4462-BC6C-F828FC13AD8C}"
EndProject
Project("{9A19103F-16F7-4668-BE54-9A1E7A4F7556}") = "Develop02", "prove\Develop02\Develop02.csproj", "{E974764B-A402-46E5-9089-9896E89C37FE}"
EndProject
Project("{9A19103F-16F7-4668-BE54-9A1E7A4F7556}") = "Develop03", "prove\Develop03\Develop03.csproj", "{0F821F65-2E15-4DD6-B136-C4848F9A255B}"
EndProject
Project("{9A19103F-16F7-4668-BE54-9A1E7A4F7556}") = "Develop04", "prove\Develop04\Develop04.csproj", "{8DBC9B32-C9A4-4FB1-AEDC-608E5C9453B3}"
EndProject
Project("{9A19103F-16F7-4668-BE54-9A1E7A4F7556}") = "Develop05", "prove\Develop05\Develop05.csproj", "{6E9D67E4-2BE7-44C2-A302-516BC5677D17}"
EndProject
Project("{2150E333-8FDC-42A3-9474-1A3956D46DE8}") = "sandbox", "sandbox", "{C364FBB2-FBC9-4829-BFE2-BE1AA2F9256C}"
EndProject
Project("{9A19103F-16F7-4668-BE54-9A1E7A4F7556}") = "Sandbox", "sandbox\Sandbox\Sandbox.csproj", "{6728D97F-0490-40FD-A75D-6951001C85CD}"
EndProject
Global
	GlobalSection(SolutionConfigurationPlatforms) = preSolution
		Debug|Any CPU = Debug|Any CPU
		Release|Any CPU = Release|Any CPU
	EndGlobalSection
	GlobalSection(ProjectConfigurationPlatforms) = postSolution
		{23DB3BF9-9E88-4206-B696-69F3A964D386}.Debug|Any CPU.ActiveCfg = Debug|Any CPU
		{23DB3BF9-9E88-4206-B696-69F3A964D386}.Debug|Any CPU.Build.0 = Debug|Any CPU
		{23DB3BF9-9E88-4206-B696-69F3A964D386}.Release|Any CPU.ActiveCfg = Release|Any CPU
		{23DB3BF9-9E88-4206-B696-69F3A964D386}.Release|Any CPU.Build.0 = Release|Any CPU
		{802C5810-CDA5-448D-92DB-0D456675730D}.Debug|Any CPU.ActiveCfg = Debug|Any CPU
		{802C5810-CDA5-448D-92DB-0D456675730D}.Debug|Any CPU.Build.0 = Debug|Any CPU
		{802C5810-CDA5-448D-92DB-0D456675730D}.Release|Any CPU.ActiveCfg = Release|Any CPU
		{802C5810-CDA5-448D-92DB-0D456675730D}.Release|Any CPU.Build.0 = Release|Any CPU
		{F8E69E40-3EDE-48C1-9511-38C21501B371}.Debug|Any CPU.ActiveCfg = Debug|Any CPU
		{F8E69E40-3EDE-48C1-9511-38C21501B371}.Debug|Any CPU.Build.0 = Debug|Any CPU
		{F8E69E40-3EDE-48C1-9511-38C21501B371}.Release|Any CPU.ActiveCfg = Release|Any CPU
		{F8E69E40-3EDE-48C1-9511-38C21501B371}.Release|Any CPU.Build.0 = Release|Any CPU
		{76C77FE0-317C-4C8D-9146-F182510F153B}.Debug|Any CPU.ActiveCfg = Debug|Any CPU
		{76C77FE0-317C-4C8D-9146-F182510F153B}.Debug|Any CPU.Build.0 = Debug|Any CPU
		{76C77FE0-317C-4C8D-9146-F182510F153B}.Release|Any CPU.ActiveCfg = Release|Any CPU
		{76C77FE0-317C-4C8D-9146-F182510F153B}.Release|Any CPU.Build.0 = Release|Any CPU
		{C07BE78C-2A08-45C6-B98A-5C42A57BE135}.Debug|Any CPU.ActiveCfg = Debug|Any CPU
		{C07BE78C-2A08-45C6-B98A-5C42A57BE135}.Debug|Any CPU.Build.0 = Debug|Any CPU
		{C07BE78C-2A08-45C6-B98A-5C42A57BE135}.Release|Any CPU.ActiveCfg = Release|Any CPU
		{C07BE78C-2A08-45C6-B98A-5C42A57BE135}.Release|Any CPU.Build.0 = Release|Any CPU
		{EF0D8108-478C-4E7F-97A7-35671E249300}.Debug|Any CPU.ActiveCfg = Debug|Any CPU
		{EF0D8108-478C-4E7F-97A7-35671E249300}.Debug|Any CPU.Build.0 = Debug|Any CPU
		{EF0D8108-478C-4E7F-97A7-35671E249300}.Release|Any CPU.ActiveCfg = Release|Any CPU
		{EF0D8108-478C-4E7F-97A7-35671E249300}.Release|Any CPU.Build.0 = Release|Any CPU
		{EE33C5D0-7028-45A2-A0F3-305AB4DD9EEA}.Debug|Any CPU.ActiveCfg = Debug|Any CPU
		{EE33C5D0-7028-45A2-A0F3-305AB4DD9EEA}.Debug|Any CPU.Build.0 = Debug|Any CPU
		{EE33C5D0-7028-45A2-A0F3-305AB4DD9EEA}.Release|Any CPU.ActiveCfg = Release|Any CPU
		{EE33C5D0-7028-45A2-A0F3-305AB4DD9EEA}.Release|Any CPU.Build.0 = Release|Any CPU
		{44E37925-04A9-4A58-A6C3-D3A3F2A8583E}.Debug|Any CPU.ActiveCfg = Debug|Any CPU
		{44E37925-04A9-4A58-A6C3-D3A3F2A8583E}.Debug|Any CPU.Build.0 = Debug|Any CPU
		{44E37925-04A9-4A58-A6C3-D3A3F2A8583E}.Release|Any CPU.ActiveCfg = Release|Any CPU
		{44E37925-04A9-4A58-A6C3-D3A3F2A8583E}.Release|Any CPU.Build.0 = Release|Any CPU
		{EBD14185-5A07-41CD-8835-2DC4BDAED137}.Debug|Any CPU.ActiveCfg = Debug|Any CPU
		{EBD14185-5A07-41CD-8835-2DC4BDAED137}.Debug|Any CPU.Build.0 = Debug|Any CPU
		{EBD14185-5A07-41CD-8835-2DC4BDAED137}.Release|Any CPU.ActiveCfg = Release|Any CPU
		{EBD14185-5A07-41CD-8835-2DC4BDAED137}.Release|Any CPU.Build.0 = Release|Any CPU
		{58A3B675-37C7-4D93-8E5B-D19051B73F7C}.Debug|Any CPU.ActiveCfg = Debug|Any CPU
		{58A3B675-37C7-4D93-8E5B-D19051B73F7C}.Debug|Any CPU.Build.0 = Debug|Any CPU
		{58A3B675-37C7-4D93-8E5B-D19051B73F7C}.Release|Any CPU.ActiveCfg = Release|Any CPU
		{58A3B675-37C7-4D93-8E5B-D19051B73F7C}.Release|Any CPU.Build.0 = Release|Any CPU
		{F6DF6E41-1A5D-4BE1-8E2C-D2223C5499D6}.Debug|Any CPU.ActiveCfg = Debug|Any CPU
		{F6DF6E41-1A5D-4BE1-8E2C-D2223C5499D6}.Debug|Any CPU.Build.0 = Debug|Any CPU
		{F6DF6E41-1A5D-4BE1-8E2C-D2223C5499D6}.Release|Any CPU.ActiveCfg = Release|Any CPU
		{F6DF6E41-1A5D-4BE1-8E2C-D2223C5499D6}.Release|Any CPU.Build.0 = Release|Any CPU
		{D6EC07A8-91DB-4F2F-9298-6B2211642BBD}.Debug|Any CPU.ActiveCfg = Debug|Any CPU
		{D6EC07A8-91DB-4F2F-9298-6B2211642BBD}.Debug|Any CPU.Build.0 = Debug|Any CPU
		{D6EC07A8-91DB-4F2F-9298-6B2211642BBD}.Release|Any CPU.ActiveCfg = Release|Any CPU
		{D6EC07A8-91DB-4F2F-9298-6B2211642BBD}.Release|Any CPU.Build.0 = Release|Any CPU
		{AF847CCE-7540-4646-B1B7-7F5AC6515687}.Debug|Any CPU.ActiveCfg = Debug|Any CPU
		{AF847CCE-7540-4646-B1B7-7F5AC6515687}.Debug|Any CPU.Build.0 = Debug|Any CPU
		{AF847CCE-7540-4646-B1B7-7F5AC6515687}.Release|Any CPU.ActiveCfg = Release|Any CPU
		{AF847CCE-7540-4646-B1B7-7F5AC6515687}.Release|Any CPU.Build.0 = Release|Any CPU
		{80C867A6-A861-4144-8D09-B0AF7A512C6B}.Debug|Any CPU.ActiveCfg = Debug|Any CPU
		{80C867A6-A861-4144-8D09-B0AF7A512C6B}.Debug|Any CPU.Build.0 = Debug|Any CPU
		{80C867A6-A861-4144-8D09-B0AF7A512C6B}.Release|Any CPU.ActiveCfg = Release|Any CPU
		{80C867A6-A861-4144-8D09-B0AF7A512C6B}.Release|Any CPU.Build.0 = Release|Any CPU
		{E974764B-A402-46E5-9089-9896E89C37FE}.Debug|Any CPU.ActiveCfg = Debug|Any CPU
		{E974764B-A402-46E5-9089-9896E89C37FE}.Debug|Any CPU.Build.0 = Debug|Any CPU
		{E974764B-A402-46E5-9089-9896E89C37FE}.Release|Any CPU.ActiveCfg = Release|Any CPU
		{E974764B-A402-46E5-9089-9896E89C37FE}.Release|Any CPU.Build.0 = Release|Any CPU
		{0F821F65-2E15-4DD6-B136-C4848F9A255B}.Debug|Any CPU.ActiveCfg = Debug|Any CPU
		{0F821F65-2E15-4DD6-B136-C4848F9A255B}.Debug|Any CPU.Build.0 = Debug|Any CPU
		{0F821F65-2E15-4DD6-B136-C4848F9A255B}.Release|Any CPU.ActiveCfg = Release|Any CPU
		{0F821F65-2E15-4DD6-B136-C4848F9A255B}.Release|Any CPU.Build.0 = Release|Any CPU
		{8DBC9B32-C9A4-4FB1-AEDC-608E5C9453B3}.Debug|Any CPU.ActiveCfg = Debug|Any CPU
		{8DBC9B32-C9A4-4FB1-AEDC-608E5C9453B3}.Debug|Any CPU.Build.0 = Debug|Any CPU
		{8DBC9B32-C9A4-4FB1-AEDC-608E5C9453B3}.Release|Any CPU.ActiveCfg = Release|Any CPU
		{8DBC9B32-C9A4-4FB1-AEDC-608E5C9453B3}.Release|Any CPU.Build.0 = Release|Any CPU
		{6E9D67E4-2BE7-44C2-A302-516BC5677D17}.Debug|Any CPU.ActiveCfg = Debug|Any CPU
		{6E9D67E4-2BE7-44C2-A302-516BC5677D17}.Debug|Any CPU.Build.0 = Debug|Any CPU
		{6E9D67E4-2BE7-44C2-A302-516BC5677D17}.Release|Any CPU.ActiveCfg = Release|Any CPU
		{6E9D67E4-2BE7-44C2-A302-516BC5677D17}.Release|Any CPU.Build.0 = Release|Any CPU
		{6728D97F-0490-40FD-A75D-6951001C85CD}.Debug|Any CPU.ActiveCfg = Debug|Any CPU
		{6728D97F-0490-40FD-A75D-6951001C85CD}.Debug|Any CPU.Build.0 = Debug|Any CPU
		{6728D97F-0490-40FD-A75D-6951001C85CD}.Release|Any CPU.ActiveCfg = Release|Any CPU
		{6728D97F-0490-40FD-A75D-6951001C85CD}.Release|Any CPU.Build.0 = Release|Any CPU
	EndGlobalSection
	GlobalSection(SolutionProperties) = preSolution
		HideSolutionNode = FALSE
	EndGlobalSection
	GlobalSection(NestedProjects) = preSolution
		{23DB3BF9-9E88-4206-B696-69F3A964D386} = {94F887F9-47A7-4CC8-9F75-A1EE50FFC77C}
		{802C5810-CDA5-448D-92DB-0D456675730D} = {94F887F9-47A7-4CC8-9F75-A1EE50FFC77C}
		{F8E69E40-3EDE-48C1-9511-38C21501B371} = {94F887F9-47A7-4CC8-9F75-A1EE50FFC77C}
		{76C77FE0-317C-4C8D-9146-F182510F153B} = {94F887F9-47A7-4CC8-9F75-A1EE50FFC77C}
		{C07BE78C-2A08-45C6-B98A-5C42A57BE135} = {94F887F9-47A7-4CC8-9F75-A1EE50FFC77C}
		{EF0D8108-478C-4E7F-97A7-35671E249300} = {98445578-5D34-4E1D-A2A0-F4C5A33F340E}
		{EE33C5D0-7028-45A2-A0F3-305AB4DD9EEA} = {98445578-5D34-4E1D-A2A0-F4C5A33F340E}
		{44E37925-04A9-4A58-A6C3-D3A3F2A8583E} = {98445578-5D34-4E1D-A2A0-F4C5A33F340E}
		{EBD14185-5A07-41CD-8835-2DC4BDAED137} = {98445578-5D34-4E1D-A2A0-F4C5A33F340E}
		{58A3B675-37C7-4D93-8E5B-D19051B73F7C} = {98445578-5D34-4E1D-A2A0-F4C5A33F340E}
		{F6DF6E41-1A5D-4BE1-8E2C-D2223C5499D6} = {D2991E10-338C-4ACD-BD4F-BF2B14B69F6A}
		{D6EC07A8-91DB-4F2F-9298-6B2211642BBD} = {D2991E10-338C-4ACD-BD4F-BF2B14B69F6A}
		{AF847CCE-7540-4646-B1B7-7F5AC6515687} = {D2991E10-338C-4ACD-BD4F-BF2B14B69F6A}
		{80C867A6-A861-4144-8D09-B0AF7A512C6B} = {D2991E10-338C-4ACD-BD4F-BF2B14B69F6A}
		{E974764B-A402-46E5-9089-9896E89C37FE} = {15387106-0BB8-4462-BC6C-F828FC13AD8C}
		{0F821F65-2E15-4DD6-B136-C4848F9A255B} = {15387106-0BB8-4462-BC6C-F828FC13AD8C}
		{8DBC9B32-C9A4-4FB1-AEDC-608E5C9453B3} = {15387106-0BB8-4462-BC6C-F828FC13AD8C}
		{6E9D67E4-2BE7-44C2-A302-516BC5677D17} = {15387106-0BB8-4462-BC6C-F828FC13AD8C}
		{6728D97F-0490-40FD-A75D-6951001C85CD} = {C364FBB2-FBC9-4829-BFE2-BE1AA2F9256C}
	EndGlobalSection
	GlobalSection(ExtensibilityGlobals) = postSolution
		SolutionGuid = {B3007828-5F79-4AD6-AF80-A3E41DCDF7C6}
	EndGlobalSection
EndGlobal
